
Microsoft Visual Studio Solution File, Format Version 12.00
# Visual Studio Version 16
VisualStudioVersion = 16.0.32126.315
MinimumVisualStudioVersion = 10.0.40219.1
Project("{FAE04EC0-301F-11D3-BF4B-00C04F79EFBC}") = "DES Implementation", "DES Implementation.csproj", "{81F5F5DE-ACFD-4174-B80E-5E9B2DD7E64D}"
EndProject
Project("{FAE04EC0-301F-11D3-BF4B-00C04F79EFBC}") = "Tests", "Tests\Tests.csproj", "{1F2F9D13-521E-482D-9B65-F8AF4D138BF6}"
EndProject
Global
	GlobalSection(SolutionConfigurationPlatforms) = preSolution
		Debug|Any CPU = Debug|Any CPU
		Release|Any CPU = Release|Any CPU
	EndGlobalSection
	GlobalSection(ProjectConfigurationPlatforms) = postSolution
		{81F5F5DE-ACFD-4174-B80E-5E9B2DD7E64D}.Debug|Any CPU.ActiveCfg = Debug|Any CPU
		{81F5F5DE-ACFD-4174-B80E-5E9B2DD7E64D}.Debug|Any CPU.Build.0 = Debug|Any CPU
		{81F5F5DE-ACFD-4174-B80E-5E9B2DD7E64D}.Release|Any CPU.ActiveCfg = Release|Any CPU
		{81F5F5DE-ACFD-4174-B80E-5E9B2DD7E64D}.Release|Any CPU.Build.0 = Release|Any CPU
		{1F2F9D13-521E-482D-9B65-F8AF4D138BF6}.Debug|Any CPU.ActiveCfg = Debug|Any CPU
		{1F2F9D13-521E-482D-9B65-F8AF4D138BF6}.Debug|Any CPU.Build.0 = Debug|Any CPU
		{1F2F9D13-521E-482D-9B65-F8AF4D138BF6}.Release|Any CPU.ActiveCfg = Release|Any CPU
		{1F2F9D13-521E-482D-9B65-F8AF4D138BF6}.Release|Any CPU.Build.0 = Release|Any CPU
	EndGlobalSection
	GlobalSection(SolutionProperties) = preSolution
		HideSolutionNode = FALSE
	EndGlobalSection
	GlobalSection(ExtensibilityGlobals) = postSolution
		SolutionGuid = {345E1A63-7FCA-41F8-AF8A-B72CC6E9392E}
	EndGlobalSection
EndGlobal
